// !$*UTF8*$!
{
	archiveVersion = 1;
	classes = {
	};
	objectVersion = 46;
	objects = {

/* Begin PBXBuildFile section */
		6B9397EC1CEA67140008A8B0 /* AppDelegate.swift in Sources */ = {isa = PBXBuildFile; fileRef = 6B9397EB1CEA67140008A8B0 /* AppDelegate.swift */; };
		6B9397EE1CEA67140008A8B0 /* ViewController.swift in Sources */ = {isa = PBXBuildFile; fileRef = 6B9397ED1CEA67140008A8B0 /* ViewController.swift */; };
		6B9397F11CEA67140008A8B0 /* Main.storyboard in Resources */ = {isa = PBXBuildFile; fileRef = 6B9397EF1CEA67140008A8B0 /* Main.storyboard */; };
		6B9397F41CEA67140008A8B0 /* Events_NearBy.xcdatamodeld in Sources */ = {isa = PBXBuildFile; fileRef = 6B9397F21CEA67140008A8B0 /* Events_NearBy.xcdatamodeld */; };
		6B9397F61CEA67140008A8B0 /* Assets.xcassets in Resources */ = {isa = PBXBuildFile; fileRef = 6B9397F51CEA67140008A8B0 /* Assets.xcassets */; };
		6B9397F91CEA67140008A8B0 /* LaunchScreen.storyboard in Resources */ = {isa = PBXBuildFile; fileRef = 6B9397F71CEA67140008A8B0 /* LaunchScreen.storyboard */; };
		6B9398041CEA67140008A8B0 /* Events_NearByTests.swift in Sources */ = {isa = PBXBuildFile; fileRef = 6B9398031CEA67140008A8B0 /* Events_NearByTests.swift */; };
		6B93980F1CEA67140008A8B0 /* Events_NearByUITests.swift in Sources */ = {isa = PBXBuildFile; fileRef = 6B93980E1CEA67140008A8B0 /* Events_NearByUITests.swift */; };
/* End PBXBuildFile section */

/* Begin PBXContainerItemProxy section */
		6B9398001CEA67140008A8B0 /* PBXContainerItemProxy */ = {
			isa = PBXContainerItemProxy;
			containerPortal = 6B9397E01CEA67140008A8B0 /* Project object */;
			proxyType = 1;
			remoteGlobalIDString = 6B9397E71CEA67140008A8B0;
			remoteInfo = "Events-NearBy";
		};
		6B93980B1CEA67140008A8B0 /* PBXContainerItemProxy */ = {
			isa = PBXContainerItemProxy;
			containerPortal = 6B9397E01CEA67140008A8B0 /* Project object */;
			proxyType = 1;
			remoteGlobalIDString = 6B9397E71CEA67140008A8B0;
			remoteInfo = "Events-NearBy";
		};
/* End PBXContainerItemProxy section */

/* Begin PBXFileReference section */
		6B9397E81CEA67140008A8B0 /* Events-NearBy.app */ = {isa = PBXFileReference; explicitFileType = wrapper.application; includeInIndex = 0; path = "Events-NearBy.app"; sourceTree = BUILT_PRODUCTS_DIR; };
		6B9397EB1CEA67140008A8B0 /* AppDelegate.swift */ = {isa = PBXFileReference; lastKnownFileType = sourcecode.swift; path = AppDelegate.swift; sourceTree = "<group>"; };
		6B9397ED1CEA67140008A8B0 /* ViewController.swift */ = {isa = PBXFileReference; lastKnownFileType = sourcecode.swift; path = ViewController.swift; sourceTree = "<group>"; };
		6B9397F01CEA67140008A8B0 /* Base */ = {isa = PBXFileReference; lastKnownFileType = file.storyboard; name = Base; path = Base.lproj/Main.storyboard; sourceTree = "<group>"; };
		6B9397F31CEA67140008A8B0 /* Events_NearBy.xcdatamodel */ = {isa = PBXFileReference; lastKnownFileType = wrapper.xcdatamodel; path = Events_NearBy.xcdatamodel; sourceTree = "<group>"; };
		6B9397F51CEA67140008A8B0 /* Assets.xcassets */ = {isa = PBXFileReference; lastKnownFileType = folder.assetcatalog; path = Assets.xcassets; sourceTree = "<group>"; };
		6B9397F81CEA67140008A8B0 /* Base */ = {isa = PBXFileReference; lastKnownFileType = file.storyboard; name = Base; path = Base.lproj/LaunchScreen.storyboard; sourceTree = "<group>"; };
		6B9397FA1CEA67140008A8B0 /* Info.plist */ = {isa = PBXFileReference; lastKnownFileType = text.plist.xml; path = Info.plist; sourceTree = "<group>"; };
		6B9397FF1CEA67140008A8B0 /* Events-NearByTests.xctest */ = {isa = PBXFileReference; explicitFileType = wrapper.cfbundle; includeInIndex = 0; path = "Events-NearByTests.xctest"; sourceTree = BUILT_PRODUCTS_DIR; };
		6B9398031CEA67140008A8B0 /* Events_NearByTests.swift */ = {isa = PBXFileReference; lastKnownFileType = sourcecode.swift; path = Events_NearByTests.swift; sourceTree = "<group>"; };
		6B9398051CEA67140008A8B0 /* Info.plist */ = {isa = PBXFileReference; lastKnownFileType = text.plist.xml; path = Info.plist; sourceTree = "<group>"; };
		6B93980A1CEA67140008A8B0 /* Events-NearByUITests.xctest */ = {isa = PBXFileReference; explicitFileType = wrapper.cfbundle; includeInIndex = 0; path = "Events-NearByUITests.xctest"; sourceTree = BUILT_PRODUCTS_DIR; };
		6B93980E1CEA67140008A8B0 /* Events_NearByUITests.swift */ = {isa = PBXFileReference; lastKnownFileType = sourcecode.swift; path = Events_NearByUITests.swift; sourceTree = "<group>"; };
		6B9398101CEA67140008A8B0 /* Info.plist */ = {isa = PBXFileReference; lastKnownFileType = text.plist.xml; path = Info.plist; sourceTree = "<group>"; };
/* End PBXFileReference section */

/* Begin PBXFrameworksBuildPhase section */
		6B9397E51CEA67140008A8B0 /* Frameworks */ = {
			isa = PBXFrameworksBuildPhase;
			buildActionMask = 2147483647;
			files = (
			);
			runOnlyForDeploymentPostprocessing = 0;
		};
		6B9397FC1CEA67140008A8B0 /* Frameworks */ = {
			isa = PBXFrameworksBuildPhase;
			buildActionMask = 2147483647;
			files = (
			);
			runOnlyForDeploymentPostprocessing = 0;
		};
		6B9398071CEA67140008A8B0 /* Frameworks */ = {
			isa = PBXFrameworksBuildPhase;
			buildActionMask = 2147483647;
			files = (
			);
			runOnlyForDeploymentPostprocessing = 0;
		};
/* End PBXFrameworksBuildPhase section */

/* Begin PBXGroup section */
		6B9397DF1CEA67140008A8B0 = {
			isa = PBXGroup;
			children = (
				6B9397EA1CEA67140008A8B0 /* Events-NearBy */,
				6B9398021CEA67140008A8B0 /* Events-NearByTests */,
				6B93980D1CEA67140008A8B0 /* Events-NearByUITests */,
				6B9397E91CEA67140008A8B0 /* Products */,
			);
			sourceTree = "<group>";
		};
		6B9397E91CEA67140008A8B0 /* Products */ = {
			isa = PBXGroup;
			children = (
				6B9397E81CEA67140008A8B0 /* Events-NearBy.app */,
				6B9397FF1CEA67140008A8B0 /* Events-NearByTests.xctest */,
				6B93980A1CEA67140008A8B0 /* Events-NearByUITests.xctest */,
			);
			name = Products;
			sourceTree = "<group>";
		};
		6B9397EA1CEA67140008A8B0 /* Events-NearBy */ = {
			isa = PBXGroup;
			children = (
				6B9397EB1CEA67140008A8B0 /* AppDelegate.swift */,
				6B9397ED1CEA67140008A8B0 /* ViewController.swift */,
				6B9397EF1CEA67140008A8B0 /* Main.storyboard */,
				6B9397F51CEA67140008A8B0 /* Assets.xcassets */,
				6B9397F71CEA67140008A8B0 /* LaunchScreen.storyboard */,
				6B9397FA1CEA67140008A8B0 /* Info.plist */,
				6B9397F21CEA67140008A8B0 /* Events_NearBy.xcdatamodeld */,
			);
			path = "Events-NearBy";
			sourceTree = "<group>";
		};
		6B9398021CEA67140008A8B0 /* Events-NearByTests */ = {
			isa = PBXGroup;
			children = (
				6B9398031CEA67140008A8B0 /* Events_NearByTests.swift */,
				6B9398051CEA67140008A8B0 /* Info.plist */,
			);
			path = "Events-NearByTests";
			sourceTree = "<group>";
		};
		6B93980D1CEA67140008A8B0 /* Events-NearByUITests */ = {
			isa = PBXGroup;
			children = (
				6B93980E1CEA67140008A8B0 /* Events_NearByUITests.swift */,
				6B9398101CEA67140008A8B0 /* Info.plist */,
			);
			path = "Events-NearByUITests";
			sourceTree = "<group>";
		};
/* End PBXGroup section */

/* Begin PBXNativeTarget section */
		6B9397E71CEA67140008A8B0 /* Events-NearBy */ = {
			isa = PBXNativeTarget;
			buildConfigurationList = 6B9398131CEA67140008A8B0 /* Build configuration list for PBXNativeTarget "Events-NearBy" */;
			buildPhases = (
				6B9397E41CEA67140008A8B0 /* Sources */,
				6B9397E51CEA67140008A8B0 /* Frameworks */,
				6B9397E61CEA67140008A8B0 /* Resources */,
			);
			buildRules = (
			);
			dependencies = (
			);
			name = "Events-NearBy";
			productName = "Events-NearBy";
			productReference = 6B9397E81CEA67140008A8B0 /* Events-NearBy.app */;
			productType = "com.apple.product-type.application";
		};
		6B9397FE1CEA67140008A8B0 /* Events-NearByTests */ = {
			isa = PBXNativeTarget;
			buildConfigurationList = 6B9398161CEA67140008A8B0 /* Build configuration list for PBXNativeTarget "Events-NearByTests" */;
			buildPhases = (
				6B9397FB1CEA67140008A8B0 /* Sources */,
				6B9397FC1CEA67140008A8B0 /* Frameworks */,
				6B9397FD1CEA67140008A8B0 /* Resources */,
			);
			buildRules = (
			);
			dependencies = (
				6B9398011CEA67140008A8B0 /* PBXTargetDependency */,
			);
			name = "Events-NearByTests";
			productName = "Events-NearByTests";
			productReference = 6B9397FF1CEA67140008A8B0 /* Events-NearByTests.xctest */;
			productType = "com.apple.product-type.bundle.unit-test";
		};
		6B9398091CEA67140008A8B0 /* Events-NearByUITests */ = {
			isa = PBXNativeTarget;
			buildConfigurationList = 6B9398191CEA67140008A8B0 /* Build configuration list for PBXNativeTarget "Events-NearByUITests" */;
			buildPhases = (
				6B9398061CEA67140008A8B0 /* Sources */,
				6B9398071CEA67140008A8B0 /* Frameworks */,
				6B9398081CEA67140008A8B0 /* Resources */,
			);
			buildRules = (
			);
			dependencies = (
				6B93980C1CEA67140008A8B0 /* PBXTargetDependency */,
			);
			name = "Events-NearByUITests";
			productName = "Events-NearByUITests";
			productReference = 6B93980A1CEA67140008A8B0 /* Events-NearByUITests.xctest */;
			productType = "com.apple.product-type.bundle.ui-testing";
		};
/* End PBXNativeTarget section */

/* Begin PBXProject section */
		6B9397E01CEA67140008A8B0 /* Project object */ = {
			isa = PBXProject;
			attributes = {
				LastSwiftUpdateCheck = 0730;
				LastUpgradeCheck = 0730;
				ORGANIZATIONNAME = "kavita patel";
				TargetAttributes = {
					6B9397E71CEA67140008A8B0 = {
						CreatedOnToolsVersion = 7.3.1;
						DevelopmentTeam = R2U6P9ZT8A;
					};
					6B9397FE1CEA67140008A8B0 = {
						CreatedOnToolsVersion = 7.3.1;
						DevelopmentTeam = R2U6P9ZT8A;
						TestTargetID = 6B9397E71CEA67140008A8B0;
					};
					6B9398091CEA67140008A8B0 = {
						CreatedOnToolsVersion = 7.3.1;
						DevelopmentTeam = R2U6P9ZT8A;
						TestTargetID = 6B9397E71CEA67140008A8B0;
					};
				};
			};
			buildConfigurationList = 6B9397E31CEA67140008A8B0 /* Build configuration list for PBXProject "Events-NearBy" */;
			compatibilityVersion = "Xcode 3.2";
			developmentRegion = English;
			hasScannedForEncodings = 0;
			knownRegions = (
				en,
				Base,
			);
			mainGroup = 6B9397DF1CEA67140008A8B0;
			productRefGroup = 6B9397E91CEA67140008A8B0 /* Products */;
			projectDirPath = "";
			projectRoot = "";
			targets = (
				6B9397E71CEA67140008A8B0 /* Events-NearBy */,
				6B9397FE1CEA67140008A8B0 /* Events-NearByTests */,
				6B9398091CEA67140008A8B0 /* Events-NearByUITests */,
			);
		};
/* End PBXProject section */

/* Begin PBXResourcesBuildPhase section */
		6B9397E61CEA67140008A8B0 /* Resources */ = {
			isa = PBXResourcesBuildPhase;
			buildActionMask = 2147483647;
			files = (
				6B9397F91CEA67140008A8B0 /* LaunchScreen.storyboard in Resources */,
				6B9397F61CEA67140008A8B0 /* Assets.xcassets in Resources */,
				6B9397F11CEA67140008A8B0 /* Main.storyboard in Resources */,
			);
			runOnlyForDeploymentPostprocessing = 0;
		};
		6B9397FD1CEA67140008A8B0 /* Resources */ = {
			isa = PBXResourcesBuildPhase;
			buildActionMask = 2147483647;
			files = (
			);
			runOnlyForDeploymentPostprocessing = 0;
		};
		6B9398081CEA67140008A8B0 /* Resources */ = {
			isa = PBXResourcesBuildPhase;
			buildActionMask = 2147483647;
			files = (
			);
			runOnlyForDeploymentPostprocessing = 0;
		};
/* End PBXResourcesBuildPhase section */

/* Begin PBXSourcesBuildPhase section */
		6B9397E41CEA67140008A8B0 /* Sources */ = {
			isa = PBXSourcesBuildPhase;
			buildActionMask = 2147483647;
			files = (
				6B9397F41CEA67140008A8B0 /* Events_NearBy.xcdatamodeld in Sources */,
				6B9397EE1CEA67140008A8B0 /* ViewController.swift in Sources */,
				6B9397EC1CEA67140008A8B0 /* AppDelegate.swift in Sources */,
			);
			runOnlyForDeploymentPostprocessing = 0;
		};
		6B9397FB1CEA67140008A8B0 /* Sources */ = {
			isa = PBXSourcesBuildPhase;
			buildActionMask = 2147483647;
			files = (
				6B9398041CEA67140008A8B0 /* Events_NearByTests.swift in Sources */,
			);
			runOnlyForDeploymentPostprocessing = 0;
		};
		6B9398061CEA67140008A8B0 /* Sources */ = {
			isa = PBXSourcesBuildPhase;
			buildActionMask = 2147483647;
			files = (
				6B93980F1CEA67140008A8B0 /* Events_NearByUITests.swift in Sources */,
			);
			runOnlyForDeploymentPostprocessing = 0;
		};
/* End PBXSourcesBuildPhase section */

/* Begin PBXTargetDependency section */
		6B9398011CEA67140008A8B0 /* PBXTargetDependency */ = {
			isa = PBXTargetDependency;
			target = 6B9397E71CEA67140008A8B0 /* Events-NearBy */;
			targetProxy = 6B9398001CEA67140008A8B0 /* PBXContainerItemProxy */;
		};
		6B93980C1CEA67140008A8B0 /* PBXTargetDependency */ = {
			isa = PBXTargetDependency;
			target = 6B9397E71CEA67140008A8B0 /* Events-NearBy */;
			targetProxy = 6B93980B1CEA67140008A8B0 /* PBXContainerItemProxy */;
		};
/* End PBXTargetDependency section */

/* Begin PBXVariantGroup section */
		6B9397EF1CEA67140008A8B0 /* Main.storyboard */ = {
			isa = PBXVariantGroup;
			children = (
				6B9397F01CEA67140008A8B0 /* Base */,
			);
			name = Main.storyboard;
			sourceTree = "<group>";
		};
		6B9397F71CEA67140008A8B0 /* LaunchScreen.storyboard */ = {
			isa = PBXVariantGroup;
			children = (
				6B9397F81CEA67140008A8B0 /* Base */,
			);
			name = LaunchScreen.storyboard;
			sourceTree = "<group>";
		};
/* End PBXVariantGroup section */

/* Begin XCBuildConfiguration section */
		6B9398111CEA67140008A8B0 /* Debug */ = {
			isa = XCBuildConfiguration;
			buildSettings = {
				ALWAYS_SEARCH_USER_PATHS = NO;
				CLANG_ANALYZER_NONNULL = YES;
				CLANG_CXX_LANGUAGE_STANDARD = "gnu++0x";
				CLANG_CXX_LIBRARY = "libc++";
				CLANG_ENABLE_MODULES = YES;
				CLANG_ENABLE_OBJC_ARC = YES;
				CLANG_WARN_BOOL_CONVERSION = YES;
				CLANG_WARN_CONSTANT_CONVERSION = YES;
				CLANG_WARN_DIRECT_OBJC_ISA_USAGE = YES_ERROR;
				CLANG_WARN_EMPTY_BODY = YES;
				CLANG_WARN_ENUM_CONVERSION = YES;
				CLANG_WARN_INT_CONVERSION = YES;
				CLANG_WARN_OBJC_ROOT_CLASS = YES_ERROR;
				CLANG_WARN_UNREACHABLE_CODE = YES;
				CLANG_WARN__DUPLICATE_METHOD_MATCH = YES;
				"CODE_SIGN_IDENTITY[sdk=iphoneos*]" = "iPhone Developer";
				COPY_PHASE_STRIP = NO;
				DEBUG_INFORMATION_FORMAT = dwarf;
				ENABLE_STRICT_OBJC_MSGSEND = YES;
				ENABLE_TESTABILITY = YES;
				GCC_C_LANGUAGE_STANDARD = gnu99;
				GCC_DYNAMIC_NO_PIC = NO;
				GCC_NO_COMMON_BLOCKS = YES;
				GCC_OPTIMIZATION_LEVEL = 0;
				GCC_PREPROCESSOR_DEFINITIONS = (
					"DEBUG=1",
					"$(inherited)",
				);
				GCC_WARN_64_TO_32_BIT_CONVERSION = YES;
				GCC_WARN_ABOUT_RETURN_TYPE = YES_ERROR;
				GCC_WARN_UNDECLARED_SELECTOR = YES;
				GCC_WARN_UNINITIALIZED_AUTOS = YES_AGGRESSIVE;
				GCC_WARN_UNUSED_FUNCTION = YES;
				GCC_WARN_UNUSED_VARIABLE = YES;
				IPHONEOS_DEPLOYMENT_TARGET = 9.3;
				MTL_ENABLE_DEBUG_INFO = YES;
				ONLY_ACTIVE_ARCH = YES;
				SDKROOT = iphoneos;
				SWIFT_OPTIMIZATION_LEVEL = "-Onone";
				TARGETED_DEVICE_FAMILY = "1,2";
			};
			name = Debug;
		};
		6B9398121CEA67140008A8B0 /* Release */ = {
			isa = XCBuildConfiguration;
			buildSettings = {
				ALWAYS_SEARCH_USER_PATHS = NO;
				CLANG_ANALYZER_NONNULL = YES;
				CLANG_CXX_LANGUAGE_STANDARD = "gnu++0x";
				CLANG_CXX_LIBRARY = "libc++";
				CLANG_ENABLE_MODULES = YES;
				CLANG_ENABLE_OBJC_ARC = YES;
				CLANG_WARN_BOOL_CONVERSION = YES;
				CLANG_WARN_CONSTANT_CONVERSION = YES;
				CLANG_WARN_DIRECT_OBJC_ISA_USAGE = YES_ERROR;
				CLANG_WARN_EMPTY_BODY = YES;
				CLANG_WARN_ENUM_CONVERSION = YES;
				CLANG_WARN_INT_CONVERSION = YES;
				CLANG_WARN_OBJC_ROOT_CLASS = YES_ERROR;
				CLANG_WARN_UNREACHABLE_CODE = YES;
				CLANG_WARN__DUPLICATE_METHOD_MATCH = YES;
				"CODE_SIGN_IDENTITY[sdk=iphoneos*]" = "iPhone Developer";
				COPY_PHASE_STRIP = NO;
				DEBUG_INFORMATION_FORMAT = "dwarf-with-dsym";
				ENABLE_NS_ASSERTIONS = NO;
				ENABLE_STRICT_OBJC_MSGSEND = YES;
				GCC_C_LANGUAGE_STANDARD = gnu99;
				GCC_NO_COMMON_BLOCKS = YES;
				GCC_WARN_64_TO_32_BIT_CONVERSION = YES;
				GCC_WARN_ABOUT_RETURN_TYPE = YES_ERROR;
				GCC_WARN_UNDECLARED_SELECTOR = YES;
				GCC_WARN_UNINITIALIZED_AUTOS = YES_AGGRESSIVE;
				GCC_WARN_UNUSED_FUNCTION = YES;
				GCC_WARN_UNUSED_VARIABLE = YES;
				IPHONEOS_DEPLOYMENT_TARGET = 9.3;
				MTL_ENABLE_DEBUG_INFO = NO;
				SDKROOT = iphoneos;
				TARGETED_DEVICE_FAMILY = "1,2";
				VALIDATE_PRODUCT = YES;
			};
			name = Release;
		};
		6B9398141CEA67140008A8B0 /* Debug */ = {
			isa = XCBuildConfiguration;
			buildSettings = {
				ASSETCATALOG_COMPILER_APPICON_NAME = AppIcon;
				INFOPLIST_FILE = "Events-NearBy/Info.plist";
				LD_RUNPATH_SEARCH_PATHS = "$(inherited) @executable_path/Frameworks";
				PRODUCT_BUNDLE_IDENTIFIER = "Darsh.Events-NearBy";
				PRODUCT_NAME = "$(TARGET_NAME)";
			};
			name = Debug;
		};
		6B9398151CEA67140008A8B0 /* Release */ = {
			isa = XCBuildConfiguration;
			buildSettings = {
				ASSETCATALOG_COMPILER_APPICON_NAME = AppIcon;
				INFOPLIST_FILE = "Events-NearBy/Info.plist";
				LD_RUNPATH_SEARCH_PATHS = "$(inherited) @executable_path/Frameworks";
				PRODUCT_BUNDLE_IDENTIFIER = "Darsh.Events-NearBy";
				PRODUCT_NAME = "$(TARGET_NAME)";
			};
			name = Release;
		};
		6B9398171CEA67140008A8B0 /* Debug */ = {
			isa = XCBuildConfiguration;
			buildSettings = {
				BUNDLE_LOADER = "$(TEST_HOST)";
				INFOPLIST_FILE = "Events-NearByTests/Info.plist";
				LD_RUNPATH_SEARCH_PATHS = "$(inherited) @executable_path/Frameworks @loader_path/Frameworks";
				PRODUCT_BUNDLE_IDENTIFIER = "Darsh.Events-NearByTests";
				PRODUCT_NAME = "$(TARGET_NAME)";
				TEST_HOST = "$(BUILT_PRODUCTS_DIR)/Events-NearBy.app/Events-NearBy";
			};
			name = Debug;
		};
		6B9398181CEA67140008A8B0 /* Release */ = {
			isa = XCBuildConfiguration;
			buildSettings = {
				BUNDLE_LOADER = "$(TEST_HOST)";
				INFOPLIST_FILE = "Events-NearByTests/Info.plist";
				LD_RUNPATH_SEARCH_PATHS = "$(inherited) @executable_path/Frameworks @loader_path/Frameworks";
				PRODUCT_BUNDLE_IDENTIFIER = "Darsh.Events-NearByTests";
				PRODUCT_NAME = "$(TARGET_NAME)";
				TEST_HOST = "$(BUILT_PRODUCTS_DIR)/Events-NearBy.app/Events-NearBy";
			};
			name = Release;
		};
		6B93981A1CEA67140008A8B0 /* Debug */ = {
			isa = XCBuildConfiguration;
			buildSettings = {
				INFOPLIST_FILE = "Events-NearByUITests/Info.plist";
				LD_RUNPATH_SEARCH_PATHS = "$(inherited) @executable_path/Frameworks @loader_path/Frameworks";
				PRODUCT_BUNDLE_IDENTIFIER = "Darsh.Events-NearByUITests";
				PRODUCT_NAME = "$(TARGET_NAME)";
				TEST_TARGET_NAME = "Events-NearBy";
			};
			name = Debug;
		};
		6B93981B1CEA67140008A8B0 /* Release */ = {
			isa = XCBuildConfiguration;
			buildSettings = {
				INFOPLIST_FILE = "Events-NearByUITests/Info.plist";
				LD_RUNPATH_SEARCH_PATHS = "$(inherited) @executable_path/Frameworks @loader_path/Frameworks";
				PRODUCT_BUNDLE_IDENTIFIER = "Darsh.Events-NearByUITests";
				PRODUCT_NAME = "$(TARGET_NAME)";
				TEST_TARGET_NAME = "Events-NearBy";
			};
			name = Release;
		};
/* End XCBuildConfiguration section */

/* Begin XCConfigurationList section */
		6B9397E31CEA67140008A8B0 /* Build configuration list for PBXProject "Events-NearBy" */ = {
			isa = XCConfigurationList;
			buildConfigurations = (
				6B9398111CEA67140008A8B0 /* Debug */,
				6B9398121CEA67140008A8B0 /* Release */,
			);
			defaultConfigurationIsVisible = 0;
			defaultConfigurationName = Release;
		};
		6B9398131CEA67140008A8B0 /* Build configuration list for PBXNativeTarget "Events-NearBy" */ = {
			isa = XCConfigurationList;
			buildConfigurations = (
				6B9398141CEA67140008A8B0 /* Debug */,
				6B9398151CEA67140008A8B0 /* Release */,
			);
			defaultConfigurationIsVisible = 0;
		};
		6B9398161CEA67140008A8B0 /* Build configuration list for PBXNativeTarget "Events-NearByTests" */ = {
			isa = XCConfigurationList;
			buildConfigurations = (
				6B9398171CEA67140008A8B0 /* Debug */,
				6B9398181CEA67140008A8B0 /* Release */,
			);
			defaultConfigurationIsVisible = 0;
		};
		6B9398191CEA67140008A8B0 /* Build configuration list for PBXNativeTarget "Events-NearByUITests" */ = {
			isa = XCConfigurationList;
			buildConfigurations = (
				6B93981A1CEA67140008A8B0 /* Debug */,
				6B93981B1CEA67140008A8B0 /* Release */,
			);
			defaultConfigurationIsVisible = 0;
		};
/* End XCConfigurationList section */

/* Begin XCVersionGroup section */
		6B9397F21CEA67140008A8B0 /* Events_NearBy.xcdatamodeld */ = {
			isa = XCVersionGroup;
			children = (
				6B9397F31CEA67140008A8B0 /* Events_NearBy.xcdatamodel */,
			);
			currentVersion = 6B9397F31CEA67140008A8B0 /* Events_NearBy.xcdatamodel */;
			path = Events_NearBy.xcdatamodeld;
			sourceTree = "<group>";
			versionGroupType = wrapper.xcdatamodel;
		};
/* End XCVersionGroup section */
	};
	rootObject = 6B9397E01CEA67140008A8B0 /* Project object */;
}
